
Microsoft Visual Studio Solution File, Format Version 12.00
# Visual Studio Version 17
VisualStudioVersion = 17.3.32901.215
MinimumVisualStudioVersion = 10.0.40219.1
Project("{FAE04EC0-301F-11D3-BF4B-00C04F79EFBC}") = "DoublyLinkedList", "DoublyLinkedList.csproj", "{FF924351-1F3E-4D3D-9FFC-A4597E501CCA}"
EndProject
Global
	GlobalSection(SolutionConfigurationPlatforms) = preSolution
		Debug|Any CPU = Debug|Any CPU
		Release|Any CPU = Release|Any CPU
	EndGlobalSection
	GlobalSection(ProjectConfigurationPlatforms) = postSolution
		{FF924351-1F3E-4D3D-9FFC-A4597E501CCA}.Debug|Any CPU.ActiveCfg = Debug|Any CPU
		{FF924351-1F3E-4D3D-9FFC-A4597E501CCA}.Debug|Any CPU.Build.0 = Debug|Any CPU
		{FF924351-1F3E-4D3D-9FFC-A4597E501CCA}.Release|Any CPU.ActiveCfg = Release|Any CPU
		{FF924351-1F3E-4D3D-9FFC-A4597E501CCA}.Release|Any CPU.Build.0 = Release|Any CPU
	EndGlobalSection
	GlobalSection(SolutionProperties) = preSolution
		HideSolutionNode = FALSE
	EndGlobalSection
	GlobalSection(ExtensibilityGlobals) = postSolution
		SolutionGuid = {B88AF080-636C-4116-9613-7059C9750E6B}
	EndGlobalSection
EndGlobal
